
Microsoft Visual Studio Solution File, Format Version 12.00
# Visual Studio 15
VisualStudioVersion = 15.0.28010.2036
MinimumVisualStudioVersion = 10.0.40219.1
Project("{FAE04EC0-301F-11D3-BF4B-00C04F79EFBC}") = "Mock3_Meassurements", "Mock3_Meassurements\Mock3_Meassurements.csproj", "{DF7C17CB-FE69-4195-B544-AD788D5F35A4}"
EndProject
Project("{FAE04EC0-301F-11D3-BF4B-00C04F79EFBC}") = "Mock3_Meassurements.Tests", "Mock3_Meassurements.Tests\Mock3_Meassurements.Tests.csproj", "{F370D07C-3F65-44BE-A8A8-CE70F31B4B79}"
EndProject
Global
	GlobalSection(SolutionConfigurationPlatforms) = preSolution
		Debug|Any CPU = Debug|Any CPU
		Release|Any CPU = Release|Any CPU
	EndGlobalSection
	GlobalSection(ProjectConfigurationPlatforms) = postSolution
		{DF7C17CB-FE69-4195-B544-AD788D5F35A4}.Debug|Any CPU.ActiveCfg = Debug|Any CPU
		{DF7C17CB-FE69-4195-B544-AD788D5F35A4}.Debug|Any CPU.Build.0 = Debug|Any CPU
		{DF7C17CB-FE69-4195-B544-AD788D5F35A4}.Release|Any CPU.ActiveCfg = Release|Any CPU
		{DF7C17CB-FE69-4195-B544-AD788D5F35A4}.Release|Any CPU.Build.0 = Release|Any CPU
		{F370D07C-3F65-44BE-A8A8-CE70F31B4B79}.Debug|Any CPU.ActiveCfg = Debug|Any CPU
		{F370D07C-3F65-44BE-A8A8-CE70F31B4B79}.Debug|Any CPU.Build.0 = Debug|Any CPU
		{F370D07C-3F65-44BE-A8A8-CE70F31B4B79}.Release|Any CPU.ActiveCfg = Release|Any CPU
		{F370D07C-3F65-44BE-A8A8-CE70F31B4B79}.Release|Any CPU.Build.0 = Release|Any CPU
	EndGlobalSection
	GlobalSection(SolutionProperties) = preSolution
		HideSolutionNode = FALSE
	EndGlobalSection
	GlobalSection(ExtensibilityGlobals) = postSolution
		SolutionGuid = {F76978B5-5460-4608-87CB-DD32566D5FBC}
	EndGlobalSection
EndGlobal
